
Microsoft Visual Studio Solution File, Format Version 12.00
# Visual Studio Version 16
VisualStudioVersion = 16.0.31129.286
MinimumVisualStudioVersion = 10.0.40219.1
Project("{9A19103F-16F7-4668-BE54-9A1E7A4F7556}") = "CadastroSeries", "CadastroSeries.csproj", "{CCD98505-41A4-4594-A2F0-AF553424EB48}"
EndProject
Global
	GlobalSection(SolutionConfigurationPlatforms) = preSolution
		Debug|Any CPU = Debug|Any CPU
		Release|Any CPU = Release|Any CPU
	EndGlobalSection
	GlobalSection(ProjectConfigurationPlatforms) = postSolution
		{CCD98505-41A4-4594-A2F0-AF553424EB48}.Debug|Any CPU.ActiveCfg = Debug|Any CPU
		{CCD98505-41A4-4594-A2F0-AF553424EB48}.Debug|Any CPU.Build.0 = Debug|Any CPU
		{CCD98505-41A4-4594-A2F0-AF553424EB48}.Release|Any CPU.ActiveCfg = Release|Any CPU
		{CCD98505-41A4-4594-A2F0-AF553424EB48}.Release|Any CPU.Build.0 = Release|Any CPU
	EndGlobalSection
	GlobalSection(SolutionProperties) = preSolution
		HideSolutionNode = FALSE
	EndGlobalSection
	GlobalSection(ExtensibilityGlobals) = postSolution
		SolutionGuid = {076FA746-2D56-49FB-93B7-DBA018D52208}
	EndGlobalSection
EndGlobal
